
Microsoft Visual Studio Solution File, Format Version 12.00
# Visual Studio Version 17
VisualStudioVersion = 17.0.32126.317
MinimumVisualStudioVersion = 10.0.40219.1
Project("{9A19103F-16F7-4668-BE54-9A1E7A4F7556}") = "DaresGameBot.Web", "DaresGameBot.Web\DaresGameBot.Web.csproj", "{88614F5E-CE3F-4BA9-9B67-760C3B747346}"
EndProject
Project("{9A19103F-16F7-4668-BE54-9A1E7A4F7556}") = "DaresGameBot", "DaresGameBot\DaresGameBot.csproj", "{FEFB9867-80E8-4299-92E0-6C38C948541F}"
EndProject
Project("{FAE04EC0-301F-11D3-BF4B-00C04F79EFBC}") = "AbstractBot", "..\AbstractBot\AbstractBot\AbstractBot.csproj", "{9526B5B7-C8D6-79FB-6B8E-589A5169F4D0}"
EndProject
Global
	GlobalSection(SolutionConfigurationPlatforms) = preSolution
		Debug|Any CPU = Debug|Any CPU
		Release|Any CPU = Release|Any CPU
	EndGlobalSection
	GlobalSection(ProjectConfigurationPlatforms) = postSolution
		{88614F5E-CE3F-4BA9-9B67-760C3B747346}.Debug|Any CPU.ActiveCfg = Debug|Any CPU
		{88614F5E-CE3F-4BA9-9B67-760C3B747346}.Debug|Any CPU.Build.0 = Debug|Any CPU
		{88614F5E-CE3F-4BA9-9B67-760C3B747346}.Release|Any CPU.ActiveCfg = Release|Any CPU
		{88614F5E-CE3F-4BA9-9B67-760C3B747346}.Release|Any CPU.Build.0 = Release|Any CPU
		{FEFB9867-80E8-4299-92E0-6C38C948541F}.Debug|Any CPU.ActiveCfg = Debug|Any CPU
		{FEFB9867-80E8-4299-92E0-6C38C948541F}.Debug|Any CPU.Build.0 = Debug|Any CPU
		{FEFB9867-80E8-4299-92E0-6C38C948541F}.Release|Any CPU.ActiveCfg = Release|Any CPU
		{FEFB9867-80E8-4299-92E0-6C38C948541F}.Release|Any CPU.Build.0 = Release|Any CPU
		{9526B5B7-C8D6-79FB-6B8E-589A5169F4D0}.Debug|Any CPU.ActiveCfg = Debug|Any CPU
		{9526B5B7-C8D6-79FB-6B8E-589A5169F4D0}.Debug|Any CPU.Build.0 = Debug|Any CPU
		{9526B5B7-C8D6-79FB-6B8E-589A5169F4D0}.Release|Any CPU.ActiveCfg = Release|Any CPU
		{9526B5B7-C8D6-79FB-6B8E-589A5169F4D0}.Release|Any CPU.Build.0 = Release|Any CPU
	EndGlobalSection
	GlobalSection(SolutionProperties) = preSolution
		HideSolutionNode = FALSE
	EndGlobalSection
	GlobalSection(ExtensibilityGlobals) = postSolution
		SolutionGuid = {CD5B6F21-3BF3-409C-B502-1072666DD4EE}
	EndGlobalSection
EndGlobal
