
Microsoft Visual Studio Solution File, Format Version 12.00
# Visual Studio 15
VisualStudioVersion = 15.0.28307.329
MinimumVisualStudioVersion = 10.0.40219.1
Project("{FAE04EC0-301F-11D3-BF4B-00C04F79EFBC}") = "DaresGame", "DaresGame\DaresGame.csproj", "{F9D017CA-F4A0-4794-A4E2-A716DB221882}"
EndProject
Project("{FAE04EC0-301F-11D3-BF4B-00C04F79EFBC}") = "DaresGameBot.Console", "DaresGameBot.Console\DaresGameBot.Console.csproj", "{2A9884FE-1292-4265-ABAB-46F4968516C6}"
EndProject
Global
	GlobalSection(SolutionConfigurationPlatforms) = preSolution
		Debug|Any CPU = Debug|Any CPU
		Release|Any CPU = Release|Any CPU
	EndGlobalSection
	GlobalSection(ProjectConfigurationPlatforms) = postSolution
		{F9D017CA-F4A0-4794-A4E2-A716DB221882}.Debug|Any CPU.ActiveCfg = Debug|Any CPU
		{F9D017CA-F4A0-4794-A4E2-A716DB221882}.Debug|Any CPU.Build.0 = Debug|Any CPU
		{F9D017CA-F4A0-4794-A4E2-A716DB221882}.Release|Any CPU.ActiveCfg = Release|Any CPU
		{F9D017CA-F4A0-4794-A4E2-A716DB221882}.Release|Any CPU.Build.0 = Release|Any CPU
		{2A9884FE-1292-4265-ABAB-46F4968516C6}.Debug|Any CPU.ActiveCfg = Debug|Any CPU
		{2A9884FE-1292-4265-ABAB-46F4968516C6}.Debug|Any CPU.Build.0 = Debug|Any CPU
		{2A9884FE-1292-4265-ABAB-46F4968516C6}.Release|Any CPU.ActiveCfg = Release|Any CPU
		{2A9884FE-1292-4265-ABAB-46F4968516C6}.Release|Any CPU.Build.0 = Release|Any CPU
	EndGlobalSection
	GlobalSection(SolutionProperties) = preSolution
		HideSolutionNode = FALSE
	EndGlobalSection
	GlobalSection(ExtensibilityGlobals) = postSolution
		SolutionGuid = {CD5B6F21-3BF3-409C-B502-1072666DD4EE}
	EndGlobalSection
EndGlobal
